
Microsoft Visual Studio Solution File, Format Version 12.00
# Visual Studio Version 17
VisualStudioVersion = 17.8.34408.163
MinimumVisualStudioVersion = 10.0.40219.1
Project("{FAE04EC0-301F-11D3-BF4B-00C04F79EFBC}") = "ApiCrud", "ApiCrud\ApiCrud.csproj", "{06FB6A80-F11A-4D45-BCF2-2D3374F5C457}"
EndProject
Global
	GlobalSection(SolutionConfigurationPlatforms) = preSolution
		Debug|Any CPU = Debug|Any CPU
		Release|Any CPU = Release|Any CPU
	EndGlobalSection
	GlobalSection(ProjectConfigurationPlatforms) = postSolution
		{06FB6A80-F11A-4D45-BCF2-2D3374F5C457}.Debug|Any CPU.ActiveCfg = Debug|Any CPU
		{06FB6A80-F11A-4D45-BCF2-2D3374F5C457}.Debug|Any CPU.Build.0 = Debug|Any CPU
		{06FB6A80-F11A-4D45-BCF2-2D3374F5C457}.Release|Any CPU.ActiveCfg = Release|Any CPU
		{06FB6A80-F11A-4D45-BCF2-2D3374F5C457}.Release|Any CPU.Build.0 = Release|Any CPU
	EndGlobalSection
	GlobalSection(SolutionProperties) = preSolution
		HideSolutionNode = FALSE
	EndGlobalSection
	GlobalSection(ExtensibilityGlobals) = postSolution
		SolutionGuid = {F0C3E132-B076-4605-8A2D-A3A414CC1994}
	EndGlobalSection
EndGlobal
